<?xml version="1.0" encoding="utf-8"?>
<Project ToolsVersion="4.0" xmlns="http://schemas.microsoft.com/developer/msbuild/2003">
  <ItemGroup>
    <Filter Include="源文件">
      <UniqueIdentifier>{4FC737F1-C7A5-4376-A066-2A32D752A2FF}</UniqueIdentifier>
      <Extensions>cpp;c;cc;cxx;def;odl;idl;hpj;bat;asm;asmx</Extensions>
    </Filter>
    <Filter Include="头文件">
      <UniqueIdentifier>{93995380-89BD-4b04-88EB-625FBE52EBFB}</UniqueIdentifier>
      <Extensions>h;hh;hpp;hxx;hm;inl;inc;xsd</Extensions>
    </Filter>
    <Filter Include="资源文件">
      <UniqueIdentifier>{67DA6AB6-F800-4c08-8B7A-83BB121AAD01}</UniqueIdentifier>
      <Extensions>rc;ico;cur;bmp;dlg;rc2;rct;bin;rgs;gif;jpg;jpeg;jpe;resx;tiff;tif;png;wav;mfcribbon-ms</Extensions>
    </Filter>
    <Filter Include="Public">
      <UniqueIdentifier>{aab8fe7e-0e9c-4783-8ff3-5d949860a81f}</UniqueIdentifier>
    </Filter>
    <Filter Include="Public\Math">
      <UniqueIdentifier>{9cc6402d-b5c7-484c-8bf5-68b553341362}</UniqueIdentifier>
    </Filter>
  </ItemGroup>
  <ItemGroup>
    <ClInclude Include="..\Public\Kerner\DynamicLib.h">
      <Filter>头文件</Filter>
    </ClInclude>
    <ClInclude Include="PluginManage.h">
      <Filter>头文件</Filter>
    </ClInclude>
    <ClInclude Include="..\Public\ThreadDepend.h">
      <Filter>头文件</Filter>
    </ClInclude>
    <ClInclude Include="..\Public\Kerner\ILog.h">
      <Filter>Public</Filter>
    </ClInclude>
    <ClInclude Include="..\Public\Tool.h">
      <Filter>Public</Filter>
    </ClInclude>
    <ClInclude Include="..\Public\Kerner\IPluginManage.h">
      <Filter>Public</Filter>
    </ClInclude>
    <ClInclude Include="LogManage.h">
      <Filter>头文件</Filter>
    </ClInclude>
    <ClInclude Include="..\Public\Kerner\ILogManage.h">
      <Filter>Public</Filter>
    </ClInclude>
    <ClInclude Include="Log.h">
      <Filter>头文件</Filter>
    </ClInclude>
    <ClInclude Include="..\Public\Kerner\Kerner.h">
      <Filter>Public</Filter>
    </ClInclude>
    <ClInclude Include="Application.h">
      <Filter>头文件</Filter>
    </ClInclude>
    <ClInclude Include="..\Public\Kerner\IApplication.h">
      <Filter>Public</Filter>
    </ClInclude>
    <ClInclude Include="DynLibManage.h">
      <Filter>头文件</Filter>
    </ClInclude>
    <ClInclude Include="..\Public\Kerner\IDynLibManage.h">
      <Filter>Public</Filter>
    </ClInclude>
    <ClInclude Include="..\Public\Kerner\IPlugin.h">
      <Filter>Public</Filter>
    </ClInclude>
    <ClInclude Include="..\Public\Kerner\IComFaceBase.h">
      <Filter>Public</Filter>
    </ClInclude>
    <ClInclude Include="ComEnumerator.h">
      <Filter>头文件</Filter>
    </ClInclude>
    <ClInclude Include="..\Public\Kerner\PluginImp.h">
      <Filter>Public</Filter>
    </ClInclude>
    <ClInclude Include="..\Public\Kerner\Plugin.h">
      <Filter>Public</Filter>
    </ClInclude>
    <ClInclude Include="..\Public\Kerner\SimViewThread.h">
      <Filter>Public</Filter>
    </ClInclude>
    <ClInclude Include="..\Public\Kerner\ApplicationImp.h">
      <Filter>Public</Filter>
    </ClInclude>
    <ClInclude Include="..\Public\Kerner\IRenderable.h">
      <Filter>Public</Filter>
    </ClInclude>
    <ClInclude Include="..\Public\Kerner\Singleton.h">
      <Filter>Public</Filter>
    </ClInclude>
    <ClInclude Include="..\Public\Platform.h">
      <Filter>Public</Filter>
    </ClInclude>
    <ClInclude Include="GUID.h">
      <Filter>头文件</Filter>
    </ClInclude>
    <ClInclude Include="..\Public\BaseHeader.h">
      <Filter>Public</Filter>
    </ClInclude>
    <ClInclude Include="..\Public\Kerner\IEntity.h">
      <Filter>Public</Filter>
    </ClInclude>
    <ClInclude Include="..\Public\Kerner\IDrawable.h">
      <Filter>Public</Filter>
    </ClInclude>
    <ClInclude Include="EntityManager.h">
      <Filter>头文件</Filter>
    </ClInclude>
    <ClInclude Include="EntityFactoryManager.h">
      <Filter>头文件</Filter>
    </ClInclude>
    <ClInclude Include="..\Public\Kerner\IEntityBaseFactoty.h">
      <Filter>Public</Filter>
    </ClInclude>
    <ClInclude Include="..\Public\Kerner\IEntityFactoryType.h">
      <Filter>Public</Filter>
    </ClInclude>
    <ClInclude Include="..\Public\Kerner\IAttribute.h">
      <Filter>Public</Filter>
    </ClInclude>
    <ClInclude Include="..\Public\Kerner\IAttributeItem.h">
      <Filter>Public</Filter>
    </ClInclude>
    <ClInclude Include="..\Public\Kerner\IBaseAttribute.h">
      <Filter>Public</Filter>
    </ClInclude>
    <ClInclude Include="..\Public\Kerner\IDrawAttribute.h">
      <Filter>Public</Filter>
    </ClInclude>
    <ClInclude Include="..\Public\Kerner\IDrawManager.h">
      <Filter>Public</Filter>
    </ClInclude>
    <ClInclude Include="..\Public\Kerner\AttributeImp.h">
      <Filter>Public</Filter>
    </ClInclude>
    <ClInclude Include="..\Public\Kerner\EntityImp.h">
      <Filter>Public</Filter>
    </ClInclude>
    <ClInclude Include="..\Public\Kerner\Expection.h">
      <Filter>Public</Filter>
    </ClInclude>
    <ClInclude Include="..\Public\Kerner\IStateMachine.h">
      <Filter>Public</Filter>
    </ClInclude>
    <ClInclude Include="..\Public\Kerner\IState.h">
      <Filter>Public</Filter>
    </ClInclude>
    <ClInclude Include="..\Public\Kerner\IMessage.h">
      <Filter>Public</Filter>
    </ClInclude>
    <ClInclude Include="..\Public\Kerner\IMessageManage.h">
      <Filter>Public</Filter>
    </ClInclude>
    <ClInclude Include="..\Public\Kerner\Point3D.h">
      <Filter>Public</Filter>
    </ClInclude>
    <ClInclude Include="Point2D.h">
      <Filter>Public</Filter>
    </ClInclude>
    <ClInclude Include="AttributeItem.h">
      <Filter>头文件</Filter>
    </ClInclude>
    <ClInclude Include="CandidatasManager.h">
      <Filter>头文件</Filter>
    </ClInclude>
    <ClInclude Include="BaseAttribute.h">
      <Filter>头文件</Filter>
    </ClInclude>
    <ClInclude Include="..\Public\Kerner\Math\FloatPoint3D.h">
      <Filter>Public\Math</Filter>
    </ClInclude>
    <ClInclude Include="..\Public\Kerner\Math\Math.h">
      <Filter>Public\Math</Filter>
    </ClInclude>
    <ClInclude Include="..\Public\Kerner\Math\FloatPoint2D.h">
      <Filter>Public\Math</Filter>
    </ClInclude>
    <ClInclude Include="..\Public\Kerner\Math\IntPoint2D.h">
      <Filter>Public\Math</Filter>
    </ClInclude>
    <ClInclude Include="..\Public\Kerner\Math\DoublePoint2D.h">
      <Filter>Public\Math</Filter>
    </ClInclude>
    <ClInclude Include="..\Public\Kerner\Math\SignedCharPoint2D.h">
      <Filter>Public\Math</Filter>
    </ClInclude>
    <ClInclude Include="..\Public\Kerner\Math\ShortPoint2D.h">
      <Filter>Public\Math</Filter>
    </ClInclude>
    <ClInclude Include="..\Public\Kerner\Math\DoublePoint3D.h">
      <Filter>Public\Math</Filter>
    </ClInclude>
    <ClInclude Include="..\Public\Kerner\Math\SimViewMath.h">
      <Filter>Public\Math</Filter>
    </ClInclude>
    <ClInclude Include="..\Public\Kerner\Math\IntPoint3D.h">
      <Filter>Public\Math</Filter>
    </ClInclude>
    <ClInclude Include="..\Public\Kerner\IConfigFileUtil.h">
      <Filter>Public</Filter>
    </ClInclude>
    <ClInclude Include="ConfigFileUtil.h">
      <Filter>头文件</Filter>
    </ClInclude>
  </ItemGroup>
  <ItemGroup>
    <ClCompile Include="PluginManage.cpp">
      <Filter>源文件</Filter>
    </ClCompile>
    <ClCompile Include="DynamicLib.cpp">
      <Filter>源文件</Filter>
    </ClCompile>
    <ClCompile Include="Expection.cpp">
      <Filter>源文件</Filter>
    </ClCompile>
    <ClCompile Include="Log.cpp">
      <Filter>源文件</Filter>
    </ClCompile>
    <ClCompile Include="LogManage.cpp">
      <Filter>源文件</Filter>
    </ClCompile>
    <ClCompile Include="Application.cpp">
      <Filter>源文件</Filter>
    </ClCompile>
    <ClCompile Include="DynLibManage.cpp">
      <Filter>源文件</Filter>
    </ClCompile>
    <ClCompile Include="ComEnumerator.cpp">
      <Filter>源文件</Filter>
    </ClCompile>
    <ClCompile Include="SimViewThread.cpp">
      <Filter>源文件</Filter>
    </ClCompile>
    <ClCompile Include="GUID.cpp">
      <Filter>源文件</Filter>
    </ClCompile>
    <ClCompile Include="EntityManager.cpp">
      <Filter>源文件</Filter>
    </ClCompile>
    <ClCompile Include="EntityFactoryManager.cpp">
      <Filter>源文件</Filter>
    </ClCompile>
    <ClCompile Include="AttributeItem.cpp">
      <Filter>源文件</Filter>
    </ClCompile>
    <ClCompile Include="CandidatasManager.cpp">
      <Filter>源文件</Filter>
    </ClCompile>
    <ClCompile Include="BaseAttribute.cpp">
      <Filter>源文件</Filter>
    </ClCompile>
    <ClCompile Include="ConfigFileUtil.cpp">
      <Filter>源文件</Filter>
    </ClCompile>
  </ItemGroup>
</Project>